
Microsoft Visual Studio Solution File, Format Version 12.00
# Visual Studio 15
Project("{FAE04EC0-301F-11D3-BF4B-00C04F79EFBC}") = "Players", "Players.csproj", "{9AB9D75F-AC3B-3165-FE49-978BF5250B4E}"
EndProject
Project("{FAE04EC0-301F-11D3-BF4B-00C04F79EFBC}") = "Avatars", "Avatars.csproj", "{5CE8B907-47A0-A0F0-5A85-4D824689DB60}"
EndProject
Project("{FAE04EC0-301F-11D3-BF4B-00C04F79EFBC}") = "GeneralWrapper", "GeneralWrapper.csproj", "{036A336A-FC2F-8EF1-37CE-12D241A8CFA9}"
EndProject
Project("{FAE04EC0-301F-11D3-BF4B-00C04F79EFBC}") = "CodeQuestions", "CodeQuestions.csproj", "{CE7F1692-8E53-D401-101C-A562C970E070}"
EndProject
Project("{FAE04EC0-301F-11D3-BF4B-00C04F79EFBC}") = "SceneMenagement", "SceneMenagement.csproj", "{779C0DCB-A57B-E7F5-D922-C030DFFF3705}"
EndProject
Project("{FAE04EC0-301F-11D3-BF4B-00C04F79EFBC}") = "Persistence", "Persistence.csproj", "{2285863F-4730-70D6-25B3-C4B3CD7D7005}"
EndProject
Project("{FAE04EC0-301F-11D3-BF4B-00C04F79EFBC}") = "Disconnections", "Disconnections.csproj", "{EBF2E331-9B4F-0DB2-B7DB-589FBEBB9CAA}"
EndProject
Project("{FAE04EC0-301F-11D3-BF4B-00C04F79EFBC}") = "RoundManagement", "RoundManagement.csproj", "{60E13F97-9732-0FFD-BF14-A684DE2FC9C9}"
EndProject
Project("{FAE04EC0-301F-11D3-BF4B-00C04F79EFBC}") = "Statics", "Statics.csproj", "{9E2E98E7-3A0A-046D-731B-74B118ECD32E}"
EndProject
Project("{FAE04EC0-301F-11D3-BF4B-00C04F79EFBC}") = "Lobbies", "Lobbies.csproj", "{1DCDF931-5195-7A92-1801-65B523450E58}"
EndProject
Project("{FAE04EC0-301F-11D3-BF4B-00C04F79EFBC}") = "SelfContained", "SelfContained.csproj", "{6B406EF8-D802-DDB4-49B4-1F0717EC9D0B}"
EndProject
Project("{FAE04EC0-301F-11D3-BF4B-00C04F79EFBC}") = "TextManagement", "TextManagement.csproj", "{976C1BF5-FB9C-7A79-CEEB-0156D97C1DCC}"
EndProject
Project("{FAE04EC0-301F-11D3-BF4B-00C04F79EFBC}") = "NetcodeRequired", "NetcodeRequired.csproj", "{1F150939-8C05-95FD-6797-677FBF5F26A2}"
EndProject
Project("{FAE04EC0-301F-11D3-BF4B-00C04F79EFBC}") = "Invokables", "Invokables.csproj", "{DE1A8E29-05C6-6387-E4E4-BEB67705F6C2}"
EndProject
Project("{FAE04EC0-301F-11D3-BF4B-00C04F79EFBC}") = "Gameplay", "Gameplay.csproj", "{7ADE4406-C833-9D44-1917-5164BD209277}"
EndProject
Project("{FAE04EC0-301F-11D3-BF4B-00C04F79EFBC}") = "AutomaticDisplay", "AutomaticDisplay.csproj", "{98520BE9-D6B7-44A5-F730-353A8680FE08}"
EndProject
Global
	GlobalSection(SolutionConfigurationPlatforms) = preSolution
		Debug|Any CPU = Debug|Any CPU
		Release|Any CPU = Release|Any CPU
	EndGlobalSection
	GlobalSection(ProjectConfigurationPlatforms) = postSolution
		{9AB9D75F-AC3B-3165-FE49-978BF5250B4E}.Debug|Any CPU.ActiveCfg = Debug|Any CPU
		{9AB9D75F-AC3B-3165-FE49-978BF5250B4E}.Debug|Any CPU.Build.0 = Debug|Any CPU
		{9AB9D75F-AC3B-3165-FE49-978BF5250B4E}.Release|Any CPU.ActiveCfg = Release|Any CPU
		{9AB9D75F-AC3B-3165-FE49-978BF5250B4E}.Release|Any CPU.Build.0 = Release|Any CPU
		{5CE8B907-47A0-A0F0-5A85-4D824689DB60}.Debug|Any CPU.ActiveCfg = Debug|Any CPU
		{5CE8B907-47A0-A0F0-5A85-4D824689DB60}.Debug|Any CPU.Build.0 = Debug|Any CPU
		{5CE8B907-47A0-A0F0-5A85-4D824689DB60}.Release|Any CPU.ActiveCfg = Release|Any CPU
		{5CE8B907-47A0-A0F0-5A85-4D824689DB60}.Release|Any CPU.Build.0 = Release|Any CPU
		{036A336A-FC2F-8EF1-37CE-12D241A8CFA9}.Debug|Any CPU.ActiveCfg = Debug|Any CPU
		{036A336A-FC2F-8EF1-37CE-12D241A8CFA9}.Debug|Any CPU.Build.0 = Debug|Any CPU
		{036A336A-FC2F-8EF1-37CE-12D241A8CFA9}.Release|Any CPU.ActiveCfg = Release|Any CPU
		{036A336A-FC2F-8EF1-37CE-12D241A8CFA9}.Release|Any CPU.Build.0 = Release|Any CPU
		{CE7F1692-8E53-D401-101C-A562C970E070}.Debug|Any CPU.ActiveCfg = Debug|Any CPU
		{CE7F1692-8E53-D401-101C-A562C970E070}.Debug|Any CPU.Build.0 = Debug|Any CPU
		{CE7F1692-8E53-D401-101C-A562C970E070}.Release|Any CPU.ActiveCfg = Release|Any CPU
		{CE7F1692-8E53-D401-101C-A562C970E070}.Release|Any CPU.Build.0 = Release|Any CPU
		{779C0DCB-A57B-E7F5-D922-C030DFFF3705}.Debug|Any CPU.ActiveCfg = Debug|Any CPU
		{779C0DCB-A57B-E7F5-D922-C030DFFF3705}.Debug|Any CPU.Build.0 = Debug|Any CPU
		{779C0DCB-A57B-E7F5-D922-C030DFFF3705}.Release|Any CPU.ActiveCfg = Release|Any CPU
		{779C0DCB-A57B-E7F5-D922-C030DFFF3705}.Release|Any CPU.Build.0 = Release|Any CPU
		{2285863F-4730-70D6-25B3-C4B3CD7D7005}.Debug|Any CPU.ActiveCfg = Debug|Any CPU
		{2285863F-4730-70D6-25B3-C4B3CD7D7005}.Debug|Any CPU.Build.0 = Debug|Any CPU
		{2285863F-4730-70D6-25B3-C4B3CD7D7005}.Release|Any CPU.ActiveCfg = Release|Any CPU
		{2285863F-4730-70D6-25B3-C4B3CD7D7005}.Release|Any CPU.Build.0 = Release|Any CPU
		{EBF2E331-9B4F-0DB2-B7DB-589FBEBB9CAA}.Debug|Any CPU.ActiveCfg = Debug|Any CPU
		{EBF2E331-9B4F-0DB2-B7DB-589FBEBB9CAA}.Debug|Any CPU.Build.0 = Debug|Any CPU
		{EBF2E331-9B4F-0DB2-B7DB-589FBEBB9CAA}.Release|Any CPU.ActiveCfg = Release|Any CPU
		{EBF2E331-9B4F-0DB2-B7DB-589FBEBB9CAA}.Release|Any CPU.Build.0 = Release|Any CPU
		{60E13F97-9732-0FFD-BF14-A684DE2FC9C9}.Debug|Any CPU.ActiveCfg = Debug|Any CPU
		{60E13F97-9732-0FFD-BF14-A684DE2FC9C9}.Debug|Any CPU.Build.0 = Debug|Any CPU
		{60E13F97-9732-0FFD-BF14-A684DE2FC9C9}.Release|Any CPU.ActiveCfg = Release|Any CPU
		{60E13F97-9732-0FFD-BF14-A684DE2FC9C9}.Release|Any CPU.Build.0 = Release|Any CPU
		{9E2E98E7-3A0A-046D-731B-74B118ECD32E}.Debug|Any CPU.ActiveCfg = Debug|Any CPU
		{9E2E98E7-3A0A-046D-731B-74B118ECD32E}.Debug|Any CPU.Build.0 = Debug|Any CPU
		{9E2E98E7-3A0A-046D-731B-74B118ECD32E}.Release|Any CPU.ActiveCfg = Release|Any CPU
		{9E2E98E7-3A0A-046D-731B-74B118ECD32E}.Release|Any CPU.Build.0 = Release|Any CPU
		{1DCDF931-5195-7A92-1801-65B523450E58}.Debug|Any CPU.ActiveCfg = Debug|Any CPU
		{1DCDF931-5195-7A92-1801-65B523450E58}.Debug|Any CPU.Build.0 = Debug|Any CPU
		{1DCDF931-5195-7A92-1801-65B523450E58}.Release|Any CPU.ActiveCfg = Release|Any CPU
		{1DCDF931-5195-7A92-1801-65B523450E58}.Release|Any CPU.Build.0 = Release|Any CPU
		{6B406EF8-D802-DDB4-49B4-1F0717EC9D0B}.Debug|Any CPU.ActiveCfg = Debug|Any CPU
		{6B406EF8-D802-DDB4-49B4-1F0717EC9D0B}.Debug|Any CPU.Build.0 = Debug|Any CPU
		{6B406EF8-D802-DDB4-49B4-1F0717EC9D0B}.Release|Any CPU.ActiveCfg = Release|Any CPU
		{6B406EF8-D802-DDB4-49B4-1F0717EC9D0B}.Release|Any CPU.Build.0 = Release|Any CPU
		{976C1BF5-FB9C-7A79-CEEB-0156D97C1DCC}.Debug|Any CPU.ActiveCfg = Debug|Any CPU
		{976C1BF5-FB9C-7A79-CEEB-0156D97C1DCC}.Debug|Any CPU.Build.0 = Debug|Any CPU
		{976C1BF5-FB9C-7A79-CEEB-0156D97C1DCC}.Release|Any CPU.ActiveCfg = Release|Any CPU
		{976C1BF5-FB9C-7A79-CEEB-0156D97C1DCC}.Release|Any CPU.Build.0 = Release|Any CPU
		{1F150939-8C05-95FD-6797-677FBF5F26A2}.Debug|Any CPU.ActiveCfg = Debug|Any CPU
		{1F150939-8C05-95FD-6797-677FBF5F26A2}.Debug|Any CPU.Build.0 = Debug|Any CPU
		{1F150939-8C05-95FD-6797-677FBF5F26A2}.Release|Any CPU.ActiveCfg = Release|Any CPU
		{1F150939-8C05-95FD-6797-677FBF5F26A2}.Release|Any CPU.Build.0 = Release|Any CPU
		{DE1A8E29-05C6-6387-E4E4-BEB67705F6C2}.Debug|Any CPU.ActiveCfg = Debug|Any CPU
		{DE1A8E29-05C6-6387-E4E4-BEB67705F6C2}.Debug|Any CPU.Build.0 = Debug|Any CPU
		{DE1A8E29-05C6-6387-E4E4-BEB67705F6C2}.Release|Any CPU.ActiveCfg = Release|Any CPU
		{DE1A8E29-05C6-6387-E4E4-BEB67705F6C2}.Release|Any CPU.Build.0 = Release|Any CPU
		{7ADE4406-C833-9D44-1917-5164BD209277}.Debug|Any CPU.ActiveCfg = Debug|Any CPU
		{7ADE4406-C833-9D44-1917-5164BD209277}.Debug|Any CPU.Build.0 = Debug|Any CPU
		{7ADE4406-C833-9D44-1917-5164BD209277}.Release|Any CPU.ActiveCfg = Release|Any CPU
		{7ADE4406-C833-9D44-1917-5164BD209277}.Release|Any CPU.Build.0 = Release|Any CPU
		{98520BE9-D6B7-44A5-F730-353A8680FE08}.Debug|Any CPU.ActiveCfg = Debug|Any CPU
		{98520BE9-D6B7-44A5-F730-353A8680FE08}.Debug|Any CPU.Build.0 = Debug|Any CPU
		{98520BE9-D6B7-44A5-F730-353A8680FE08}.Release|Any CPU.ActiveCfg = Release|Any CPU
		{98520BE9-D6B7-44A5-F730-353A8680FE08}.Release|Any CPU.Build.0 = Release|Any CPU
	EndGlobalSection
	GlobalSection(SolutionProperties) = preSolution
		HideSolutionNode = FALSE
	EndGlobalSection
EndGlobal
